
Microsoft Visual Studio Solution File, Format Version 11.00
# Visual Studio 2010
Project("{FAE04EC0-301F-11D3-BF4B-00C04F79EFBC}") = "Assembly-CSharp-Editor", "Assembly-CSharp-Editor.csproj", "{6A833C38-0EDC-6BF9-BFEF-0C8B938C6B71}"
EndProject
Global
	GlobalSection(SolutionConfigurationPlatforms) = preSolution
		Debug|Any CPU = Debug|Any CPU
		Release|Any CPU = Release|Any CPU
	EndGlobalSection
	GlobalSection(ProjectConfigurationPlatforms) = postSolution
		{6A833C38-0EDC-6BF9-BFEF-0C8B938C6B71}.Debug|Any CPU.ActiveCfg = Debug|Any CPU
		{6A833C38-0EDC-6BF9-BFEF-0C8B938C6B71}.Debug|Any CPU.Build.0 = Debug|Any CPU
		{6A833C38-0EDC-6BF9-BFEF-0C8B938C6B71}.Release|Any CPU.ActiveCfg = Release|Any CPU
		{6A833C38-0EDC-6BF9-BFEF-0C8B938C6B71}.Release|Any CPU.Build.0 = Release|Any CPU
	EndGlobalSection
	GlobalSection(SolutionProperties) = preSolution
		HideSolutionNode = FALSE
	EndGlobalSection
	GlobalSection(MonoDevelopProperties) = preSolution
		StartupItem = Assembly-CSharp.csproj
	EndGlobalSection
EndGlobal
